{
  "name": "wtf-plugin-wikivoyage",
  "version": "0.0.1",
  "lockfileVersion": 2,
  "requires": true,
  "packages": {
    "": {
      "name": "wtf-plugin-wikivoyage",
      "version": "0.0.1",
      "license": "MIT",
      "peerDependencies": {
        "wtf_wikipedia": "^8.0.0"
      }
    },
    "node_modules/wtf_wikipedia": {
      "version": "8.5.1",
      "resolved": "https://registry.npmjs.org/wtf_wikipedia/-/wtf_wikipedia-8.5.1.tgz",
      "integrity": "sha512-tvLDPsC9bGG9ABMijCCEFwPhK4678glSVX45UwXwT7KhTJgQFhn3cdm84cMOKSTag+/bRfgBG+qe9qXn3AyStw==",
      "peer": true,
      "bin": {
        "wtf_wikipedia": "cli.js"
      },
      "engines": {
        "node": ">=6.0.0"
      }
    }
  },
  "dependencies": {
    "wtf_wikipedia": {
      "version": "8.5.1",
      "resolved": "https://registry.npmjs.org/wtf_wikipedia/-/wtf_wikipedia-8.5.1.tgz",
      "integrity": "sha512-tvLDPsC9bGG9ABMijCCEFwPhK4678glSVX45UwXwT7KhTJgQFhn3cdm84cMOKSTag+/bRfgBG+qe9qXn3AyStw==",
      "peer": true
    }
  }
}
