{
  "name": "wtf-plugin-person",
  "version": "0.1.0",
  "lockfileVersion": 1,
  "requires": true,
  "dependencies": {
    "spacetime": {
      "version": "6.4.3",
      "resolved": "https://registry.npmjs.org/spacetime/-/spacetime-6.4.3.tgz",
      "integrity": "sha512-UFxbLPEyH5sERljIj/NCTtfAJhLTGSroR8nOguWAPVRaIWjWCOfQ7t/kcu/BebQieY8Zl365WSXuciTyUDYDug=="
    }
  }
}
