{
  "name": "wtf-plugin-category",
  "version": "0.0.1",
  "lockfileVersion": 1,
  "requires": true,
  "dependencies": {
    "slow": {
      "version": "1.1.0",
      "resolved": "https://registry.npmjs.org/slow/-/slow-1.1.0.tgz",
      "integrity": "sha512-NEPfKulZIDhCsEccS23VXE7nfhBhAAPMcYmbry3YZTk50buXGLNm1vsfeIWy+EdOyU/fk+6usnf1zCxPCNJ4Rg=="
    }
  }
}
